
Microsoft Visual Studio Solution File, Format Version 12.00
# Visual Studio Version 17
VisualStudioVersion = 17.14.36908.2
MinimumVisualStudioVersion = 10.0.40219.1
Project("{8BC9CEB8-8B4A-11D0-8D11-00A0C91BC942}") = "BynarySearch", "BynarySearch\BynarySearch.vcxproj", "{DF527DEA-9D42-4D90-8239-8823F06916AE}"
EndProject
Project("{8BC9CEB8-8B4A-11D0-8D11-00A0C91BC942}") = "Random", "Random\Random.vcxproj", "{CDD0806E-1A4B-4782-9481-3392B8F9A02E}"
EndProject
Project("{8BC9CEB8-8B4A-11D0-8D11-00A0C91BC942}") = "BubbleSort", "BubbleSort\BubbleSort.vcxproj", "{0163BBE7-8F13-48D7-932D-28C907E1DAD9}"
EndProject
Project("{8BC9CEB8-8B4A-11D0-8D11-00A0C91BC942}") = "SelectSort", "SelectSort\SelectSort.vcxproj", "{7F8E386A-ACA6-448E-A48D-354E3EB9FCEA}"
EndProject
Project("{8BC9CEB8-8B4A-11D0-8D11-00A0C91BC942}") = "InsertionSort", "InsertionSort\InsertionSort.vcxproj", "{99D44172-79FB-4D97-87CB-125D6281AFA7}"
EndProject
Project("{8BC9CEB8-8B4A-11D0-8D11-00A0C91BC942}") = "QuickSort", "QuickSort\QuickSort.vcxproj", "{FFE724D6-9C0C-417A-B44B-93364DD9F76C}"
EndProject
Project("{8BC9CEB8-8B4A-11D0-8D11-00A0C91BC942}") = "MergeSort", "MergeSort\MergeSort.vcxproj", "{884FB9E0-C493-4F9F-9FBD-CC13719AF1CB}"
EndProject
Project("{8BC9CEB8-8B4A-11D0-8D11-00A0C91BC942}") = "HeapSort", "HeapSort\HeapSort.vcxproj", "{2A04132B-B325-4D98-AD8C-D37E798706B6}"
EndProject
Project("{8BC9CEB8-8B4A-11D0-8D11-00A0C91BC942}") = "DFS", "DFS\DFS.vcxproj", "{18651BF2-567E-46C2-9515-A99C9E98D7DB}"
EndProject
Project("{8BC9CEB8-8B4A-11D0-8D11-00A0C91BC942}") = "AStartPathFinding", "AStartPathFinding\AStartPathFinding.vcxproj", "{32EBD212-A684-411E-9FCD-2F7DF5885AF2}"
EndProject
Project("{8BC9CEB8-8B4A-11D0-8D11-00A0C91BC942}") = "QuadTree", "QuadTree\QuadTree.vcxproj", "{4A8FB21C-A30E-4B19-8ACD-BBABCA433DF2}"
EndProject
Project("{8BC9CEB8-8B4A-11D0-8D11-00A0C91BC942}") = "BFS", "BFS\BFS.vcxproj", "{B5528ED3-98F1-4139-9604-E8CF1F1B786A}"
EndProject
Global
	GlobalSection(SolutionConfigurationPlatforms) = preSolution
		Debug|x64 = Debug|x64
		Release|x64 = Release|x64
	EndGlobalSection
	GlobalSection(ProjectConfigurationPlatforms) = postSolution
		{DF527DEA-9D42-4D90-8239-8823F06916AE}.Debug|x64.ActiveCfg = Debug|x64
		{DF527DEA-9D42-4D90-8239-8823F06916AE}.Debug|x64.Build.0 = Debug|x64
		{DF527DEA-9D42-4D90-8239-8823F06916AE}.Release|x64.ActiveCfg = Release|x64
		{DF527DEA-9D42-4D90-8239-8823F06916AE}.Release|x64.Build.0 = Release|x64
		{CDD0806E-1A4B-4782-9481-3392B8F9A02E}.Debug|x64.ActiveCfg = Debug|x64
		{CDD0806E-1A4B-4782-9481-3392B8F9A02E}.Debug|x64.Build.0 = Debug|x64
		{CDD0806E-1A4B-4782-9481-3392B8F9A02E}.Release|x64.ActiveCfg = Release|x64
		{CDD0806E-1A4B-4782-9481-3392B8F9A02E}.Release|x64.Build.0 = Release|x64
		{0163BBE7-8F13-48D7-932D-28C907E1DAD9}.Debug|x64.ActiveCfg = Debug|x64
		{0163BBE7-8F13-48D7-932D-28C907E1DAD9}.Debug|x64.Build.0 = Debug|x64
		{0163BBE7-8F13-48D7-932D-28C907E1DAD9}.Release|x64.ActiveCfg = Release|x64
		{0163BBE7-8F13-48D7-932D-28C907E1DAD9}.Release|x64.Build.0 = Release|x64
		{7F8E386A-ACA6-448E-A48D-354E3EB9FCEA}.Debug|x64.ActiveCfg = Debug|x64
		{7F8E386A-ACA6-448E-A48D-354E3EB9FCEA}.Debug|x64.Build.0 = Debug|x64
		{7F8E386A-ACA6-448E-A48D-354E3EB9FCEA}.Release|x64.ActiveCfg = Release|x64
		{7F8E386A-ACA6-448E-A48D-354E3EB9FCEA}.Release|x64.Build.0 = Release|x64
		{99D44172-79FB-4D97-87CB-125D6281AFA7}.Debug|x64.ActiveCfg = Debug|x64
		{99D44172-79FB-4D97-87CB-125D6281AFA7}.Debug|x64.Build.0 = Debug|x64
		{99D44172-79FB-4D97-87CB-125D6281AFA7}.Release|x64.ActiveCfg = Release|x64
		{99D44172-79FB-4D97-87CB-125D6281AFA7}.Release|x64.Build.0 = Release|x64
		{FFE724D6-9C0C-417A-B44B-93364DD9F76C}.Debug|x64.ActiveCfg = Debug|x64
		{FFE724D6-9C0C-417A-B44B-93364DD9F76C}.Debug|x64.Build.0 = Debug|x64
		{FFE724D6-9C0C-417A-B44B-93364DD9F76C}.Release|x64.ActiveCfg = Release|x64
		{FFE724D6-9C0C-417A-B44B-93364DD9F76C}.Release|x64.Build.0 = Release|x64
		{884FB9E0-C493-4F9F-9FBD-CC13719AF1CB}.Debug|x64.ActiveCfg = Debug|x64
		{884FB9E0-C493-4F9F-9FBD-CC13719AF1CB}.Debug|x64.Build.0 = Debug|x64
		{884FB9E0-C493-4F9F-9FBD-CC13719AF1CB}.Release|x64.ActiveCfg = Release|x64
		{884FB9E0-C493-4F9F-9FBD-CC13719AF1CB}.Release|x64.Build.0 = Release|x64
		{2A04132B-B325-4D98-AD8C-D37E798706B6}.Debug|x64.ActiveCfg = Debug|x64
		{2A04132B-B325-4D98-AD8C-D37E798706B6}.Debug|x64.Build.0 = Debug|x64
		{2A04132B-B325-4D98-AD8C-D37E798706B6}.Release|x64.ActiveCfg = Release|x64
		{2A04132B-B325-4D98-AD8C-D37E798706B6}.Release|x64.Build.0 = Release|x64
		{18651BF2-567E-46C2-9515-A99C9E98D7DB}.Debug|x64.ActiveCfg = Debug|x64
		{18651BF2-567E-46C2-9515-A99C9E98D7DB}.Debug|x64.Build.0 = Debug|x64
		{18651BF2-567E-46C2-9515-A99C9E98D7DB}.Release|x64.ActiveCfg = Release|x64
		{18651BF2-567E-46C2-9515-A99C9E98D7DB}.Release|x64.Build.0 = Release|x64
		{32EBD212-A684-411E-9FCD-2F7DF5885AF2}.Debug|x64.ActiveCfg = Debug|x64
		{32EBD212-A684-411E-9FCD-2F7DF5885AF2}.Debug|x64.Build.0 = Debug|x64
		{32EBD212-A684-411E-9FCD-2F7DF5885AF2}.Release|x64.ActiveCfg = Release|x64
		{32EBD212-A684-411E-9FCD-2F7DF5885AF2}.Release|x64.Build.0 = Release|x64
		{4A8FB21C-A30E-4B19-8ACD-BBABCA433DF2}.Debug|x64.ActiveCfg = Debug|x64
		{4A8FB21C-A30E-4B19-8ACD-BBABCA433DF2}.Debug|x64.Build.0 = Debug|x64
		{4A8FB21C-A30E-4B19-8ACD-BBABCA433DF2}.Release|x64.ActiveCfg = Release|x64
		{4A8FB21C-A30E-4B19-8ACD-BBABCA433DF2}.Release|x64.Build.0 = Release|x64
		{B5528ED3-98F1-4139-9604-E8CF1F1B786A}.Debug|x64.ActiveCfg = Debug|x64
		{B5528ED3-98F1-4139-9604-E8CF1F1B786A}.Debug|x64.Build.0 = Debug|x64
		{B5528ED3-98F1-4139-9604-E8CF1F1B786A}.Release|x64.ActiveCfg = Release|x64
		{B5528ED3-98F1-4139-9604-E8CF1F1B786A}.Release|x64.Build.0 = Release|x64
	EndGlobalSection
	GlobalSection(SolutionProperties) = preSolution
		HideSolutionNode = FALSE
	EndGlobalSection
	GlobalSection(ExtensibilityGlobals) = postSolution
		SolutionGuid = {7C5A4502-1C46-4D58-BCAC-21ACE4A43BA4}
	EndGlobalSection
EndGlobal
